// !$*UTF8*$!
{
	archiveVersion = 1;
	classes = {
	};
	objectVersion = 46;
	objects = {

/* Begin PBXBuildFile section */
		F56547E618ED537B00F2D07B /* PhotoViewController.m in Sources */ = {isa = PBXBuildFile; fileRef = F56547E518ED537B00F2D07B /* PhotoViewController.m */; };
		F56547EB18ED55D200F2D07B /* Exercise.m in Sources */ = {isa = PBXBuildFile; fileRef = F56547EA18ED55D200F2D07B /* Exercise.m */; };
		F56547EE18ED55E000F2D07B /* Workout.m in Sources */ = {isa = PBXBuildFile; fileRef = F56547ED18ED55E000F2D07B /* Workout.m */; };
		F589F94218DA579700DAEA89 /* Foundation.framework in Frameworks */ = {isa = PBXBuildFile; fileRef = F589F94118DA579700DAEA89 /* Foundation.framework */; };
		F589F94418DA579700DAEA89 /* CoreGraphics.framework in Frameworks */ = {isa = PBXBuildFile; fileRef = F589F94318DA579700DAEA89 /* CoreGraphics.framework */; };
		F589F94618DA579700DAEA89 /* UIKit.framework in Frameworks */ = {isa = PBXBuildFile; fileRef = F589F94518DA579700DAEA89 /* UIKit.framework */; };
		F589F94C18DA579700DAEA89 /* InfoPlist.strings in Resources */ = {isa = PBXBuildFile; fileRef = F589F94A18DA579700DAEA89 /* InfoPlist.strings */; };
		F589F94E18DA579700DAEA89 /* main.m in Sources */ = {isa = PBXBuildFile; fileRef = F589F94D18DA579700DAEA89 /* main.m */; };
		F589F95218DA579700DAEA89 /* AppDelegate.m in Sources */ = {isa = PBXBuildFile; fileRef = F589F95118DA579700DAEA89 /* AppDelegate.m */; };
		F589F95518DA579700DAEA89 /* Main.storyboard in Resources */ = {isa = PBXBuildFile; fileRef = F589F95318DA579700DAEA89 /* Main.storyboard */; };
		F589F95D18DA579700DAEA89 /* Images.xcassets in Resources */ = {isa = PBXBuildFile; fileRef = F589F95C18DA579700DAEA89 /* Images.xcassets */; };
		F589F96418DA579800DAEA89 /* XCTest.framework in Frameworks */ = {isa = PBXBuildFile; fileRef = F589F96318DA579800DAEA89 /* XCTest.framework */; };
		F589F96518DA579800DAEA89 /* Foundation.framework in Frameworks */ = {isa = PBXBuildFile; fileRef = F589F94118DA579700DAEA89 /* Foundation.framework */; };
		F589F96618DA579800DAEA89 /* UIKit.framework in Frameworks */ = {isa = PBXBuildFile; fileRef = F589F94518DA579700DAEA89 /* UIKit.framework */; };
		F589F96E18DA579800DAEA89 /* InfoPlist.strings in Resources */ = {isa = PBXBuildFile; fileRef = F589F96C18DA579800DAEA89 /* InfoPlist.strings */; };
		F589F97018DA579800DAEA89 /* ProgressTests.m in Sources */ = {isa = PBXBuildFile; fileRef = F589F96F18DA579800DAEA89 /* ProgressTests.m */; };
		F5BDA14E18E39603000C979C /* Workout_TableViewController.m in Sources */ = {isa = PBXBuildFile; fileRef = F5BDA14D18E39603000C979C /* Workout_TableViewController.m */; };
		F5BDA15118E39F10000C979C /* DetailedWorkoutViewController.m in Sources */ = {isa = PBXBuildFile; fileRef = F5BDA15018E39F10000C979C /* DetailedWorkoutViewController.m */; };
		F5CB0DC018FE25840003A968 /* Parse.framework in Frameworks */ = {isa = PBXBuildFile; fileRef = F5CB0DBF18FE25840003A968 /* Parse.framework */; };
		F5CB0DC218FE25C40003A968 /* AudioToolbox.framework in Frameworks */ = {isa = PBXBuildFile; fileRef = F5CB0DC118FE25C40003A968 /* AudioToolbox.framework */; };
		F5CB0DC418FE25CB0003A968 /* CFNetwork.framework in Frameworks */ = {isa = PBXBuildFile; fileRef = F5CB0DC318FE25CB0003A968 /* CFNetwork.framework */; };
		F5CB0DC618FE25D90003A968 /* CoreLocation.framework in Frameworks */ = {isa = PBXBuildFile; fileRef = F5CB0DC518FE25D90003A968 /* CoreLocation.framework */; };
		F5CB0DC818FE25E20003A968 /* libz.dylib in Frameworks */ = {isa = PBXBuildFile; fileRef = F5CB0DC718FE25E20003A968 /* libz.dylib */; };
		F5CB0DCA18FE25E90003A968 /* MobileCoreServices.framework in Frameworks */ = {isa = PBXBuildFile; fileRef = F5CB0DC918FE25E90003A968 /* MobileCoreServices.framework */; };
		F5CB0DCC18FE25F00003A968 /* QuartzCore.framework in Frameworks */ = {isa = PBXBuildFile; fileRef = F5CB0DCB18FE25F00003A968 /* QuartzCore.framework */; };
		F5CB0DCE18FE25F60003A968 /* Security.framework in Frameworks */ = {isa = PBXBuildFile; fileRef = F5CB0DCD18FE25F60003A968 /* Security.framework */; };
		F5CB0DD018FE26000003A968 /* StoreKit.framework in Frameworks */ = {isa = PBXBuildFile; fileRef = F5CB0DCF18FE26000003A968 /* StoreKit.framework */; };
		F5CB0DD218FE26130003A968 /* SystemConfiguration.framework in Frameworks */ = {isa = PBXBuildFile; fileRef = F5CB0DD118FE26130003A968 /* SystemConfiguration.framework */; };
		F5CB0DE418FE38EB0003A968 /* AppIcon29x29.png in Resources */ = {isa = PBXBuildFile; fileRef = F5CB0DD418FE38EB0003A968 /* AppIcon29x29.png */; };
		F5CB0DE518FE38EB0003A968 /* AppIcon29x29@2x.png in Resources */ = {isa = PBXBuildFile; fileRef = F5CB0DD518FE38EB0003A968 /* AppIcon29x29@2x.png */; };
		F5CB0DE618FE38EB0003A968 /* AppIcon40x40.png in Resources */ = {isa = PBXBuildFile; fileRef = F5CB0DD618FE38EB0003A968 /* AppIcon40x40.png */; };
		F5CB0DE718FE38EB0003A968 /* AppIcon40x40@2x.png in Resources */ = {isa = PBXBuildFile; fileRef = F5CB0DD718FE38EB0003A968 /* AppIcon40x40@2x.png */; };
		F5CB0DE818FE38EB0003A968 /* AppIcon50x50.png in Resources */ = {isa = PBXBuildFile; fileRef = F5CB0DD818FE38EB0003A968 /* AppIcon50x50.png */; };
		F5CB0DE918FE38EB0003A968 /* AppIcon50x50@2x.png in Resources */ = {isa = PBXBuildFile; fileRef = F5CB0DD918FE38EB0003A968 /* AppIcon50x50@2x.png */; };
		F5CB0DEA18FE38EB0003A968 /* AppIcon57x57.png in Resources */ = {isa = PBXBuildFile; fileRef = F5CB0DDA18FE38EB0003A968 /* AppIcon57x57.png */; };
		F5CB0DEB18FE38EB0003A968 /* AppIcon57x57@2x.png in Resources */ = {isa = PBXBuildFile; fileRef = F5CB0DDB18FE38EB0003A968 /* AppIcon57x57@2x.png */; };
		F5CB0DEC18FE38EB0003A968 /* AppIcon60x60.png in Resources */ = {isa = PBXBuildFile; fileRef = F5CB0DDC18FE38EB0003A968 /* AppIcon60x60.png */; };
		F5CB0DED18FE38EB0003A968 /* AppIcon60x60@2x.png in Resources */ = {isa = PBXBuildFile; fileRef = F5CB0DDD18FE38EB0003A968 /* AppIcon60x60@2x.png */; };
		F5CB0DEE18FE38EB0003A968 /* AppIcon72x72.png in Resources */ = {isa = PBXBuildFile; fileRef = F5CB0DDE18FE38EB0003A968 /* AppIcon72x72.png */; };
		F5CB0DEF18FE38EB0003A968 /* AppIcon72x72@2x.png in Resources */ = {isa = PBXBuildFile; fileRef = F5CB0DDF18FE38EB0003A968 /* AppIcon72x72@2x.png */; };
		F5CB0DF018FE38EB0003A968 /* AppIcon76x76.png in Resources */ = {isa = PBXBuildFile; fileRef = F5CB0DE018FE38EB0003A968 /* AppIcon76x76.png */; };
		F5CB0DF118FE38EB0003A968 /* AppIcon76x76@2x.png in Resources */ = {isa = PBXBuildFile; fileRef = F5CB0DE118FE38EB0003A968 /* AppIcon76x76@2x.png */; };
		F5CB0DF218FE38EB0003A968 /* iTunesArtwork.png in Resources */ = {isa = PBXBuildFile; fileRef = F5CB0DE218FE38EB0003A968 /* iTunesArtwork.png */; };
		F5CB0DF318FE38EB0003A968 /* iTunesArtwork@2x.png in Resources */ = {isa = PBXBuildFile; fileRef = F5CB0DE318FE38EB0003A968 /* iTunesArtwork@2x.png */; };
		F5CB0DF618FE3C9C0003A968 /* LaunchImage-ipad2x.png in Resources */ = {isa = PBXBuildFile; fileRef = F5CB0DF518FE3C9C0003A968 /* LaunchImage-ipad2x.png */; };
		F5CB0DF818FE3CA10003A968 /* LaunchImage-ipad1x.png in Resources */ = {isa = PBXBuildFile; fileRef = F5CB0DF718FE3CA10003A968 /* LaunchImage-ipad1x.png */; };
		F5CB0DFA18FE3D1B0003A968 /* Background-ipad2x.png in Resources */ = {isa = PBXBuildFile; fileRef = F5CB0DF918FE3D1B0003A968 /* Background-ipad2x.png */; };
		F5CB0DFD18FE44410003A968 /* Math_functions.m in Sources */ = {isa = PBXBuildFile; fileRef = F5CB0DFC18FE44410003A968 /* Math_functions.m */; };
/* End PBXBuildFile section */

/* Begin PBXContainerItemProxy section */
		F589F96718DA579800DAEA89 /* PBXContainerItemProxy */ = {
			isa = PBXContainerItemProxy;
			containerPortal = F589F93618DA579700DAEA89 /* Project object */;
			proxyType = 1;
			remoteGlobalIDString = F589F93D18DA579700DAEA89;
			remoteInfo = Progress;
		};
/* End PBXContainerItemProxy section */

/* Begin PBXFileReference section */
		F56547E418ED537B00F2D07B /* PhotoViewController.h */ = {isa = PBXFileReference; fileEncoding = 4; lastKnownFileType = sourcecode.c.h; name = PhotoViewController.h; path = ../PhotoViewController.h; sourceTree = "<group>"; };
		F56547E518ED537B00F2D07B /* PhotoViewController.m */ = {isa = PBXFileReference; fileEncoding = 4; lastKnownFileType = sourcecode.c.objc; name = PhotoViewController.m; path = ../PhotoViewController.m; sourceTree = "<group>"; };
		F56547E918ED55D200F2D07B /* Exercise.h */ = {isa = PBXFileReference; fileEncoding = 4; lastKnownFileType = sourcecode.c.h; path = Exercise.h; sourceTree = "<group>"; };
		F56547EA18ED55D200F2D07B /* Exercise.m */ = {isa = PBXFileReference; fileEncoding = 4; lastKnownFileType = sourcecode.c.objc; path = Exercise.m; sourceTree = "<group>"; };
		F56547EC18ED55E000F2D07B /* Workout.h */ = {isa = PBXFileReference; fileEncoding = 4; lastKnownFileType = sourcecode.c.h; path = Workout.h; sourceTree = "<group>"; };
		F56547ED18ED55E000F2D07B /* Workout.m */ = {isa = PBXFileReference; fileEncoding = 4; lastKnownFileType = sourcecode.c.objc; path = Workout.m; sourceTree = "<group>"; };
		F589F93E18DA579700DAEA89 /* Progress.app */ = {isa = PBXFileReference; explicitFileType = wrapper.application; includeInIndex = 0; path = Progress.app; sourceTree = BUILT_PRODUCTS_DIR; };
		F589F94118DA579700DAEA89 /* Foundation.framework */ = {isa = PBXFileReference; lastKnownFileType = wrapper.framework; name = Foundation.framework; path = System/Library/Frameworks/Foundation.framework; sourceTree = SDKROOT; };
		F589F94318DA579700DAEA89 /* CoreGraphics.framework */ = {isa = PBXFileReference; lastKnownFileType = wrapper.framework; name = CoreGraphics.framework; path = System/Library/Frameworks/CoreGraphics.framework; sourceTree = SDKROOT; };
		F589F94518DA579700DAEA89 /* UIKit.framework */ = {isa = PBXFileReference; lastKnownFileType = wrapper.framework; name = UIKit.framework; path = System/Library/Frameworks/UIKit.framework; sourceTree = SDKROOT; };
		F589F94918DA579700DAEA89 /* Progress-Info.plist */ = {isa = PBXFileReference; lastKnownFileType = text.plist.xml; path = "Progress-Info.plist"; sourceTree = "<group>"; };
		F589F94B18DA579700DAEA89 /* en */ = {isa = PBXFileReference; lastKnownFileType = text.plist.strings; name = en; path = en.lproj/InfoPlist.strings; sourceTree = "<group>"; };
		F589F94D18DA579700DAEA89 /* main.m */ = {isa = PBXFileReference; lastKnownFileType = sourcecode.c.objc; path = main.m; sourceTree = "<group>"; };
		F589F94F18DA579700DAEA89 /* Progress-Prefix.pch */ = {isa = PBXFileReference; lastKnownFileType = sourcecode.c.h; path = "Progress-Prefix.pch"; sourceTree = "<group>"; };
		F589F95018DA579700DAEA89 /* AppDelegate.h */ = {isa = PBXFileReference; lastKnownFileType = sourcecode.c.h; path = AppDelegate.h; sourceTree = "<group>"; };
		F589F95118DA579700DAEA89 /* AppDelegate.m */ = {isa = PBXFileReference; lastKnownFileType = sourcecode.c.objc; path = AppDelegate.m; sourceTree = "<group>"; };
		F589F95418DA579700DAEA89 /* Base */ = {isa = PBXFileReference; lastKnownFileType = file.storyboard; name = Base; path = Base.lproj/Main.storyboard; sourceTree = "<group>"; };
		F589F95C18DA579700DAEA89 /* Images.xcassets */ = {isa = PBXFileReference; lastKnownFileType = folder.assetcatalog; path = Images.xcassets; sourceTree = "<group>"; };
		F589F96218DA579800DAEA89 /* ProgressTests.xctest */ = {isa = PBXFileReference; explicitFileType = wrapper.cfbundle; includeInIndex = 0; path = ProgressTests.xctest; sourceTree = BUILT_PRODUCTS_DIR; };
		F589F96318DA579800DAEA89 /* XCTest.framework */ = {isa = PBXFileReference; lastKnownFileType = wrapper.framework; name = XCTest.framework; path = Library/Frameworks/XCTest.framework; sourceTree = DEVELOPER_DIR; };
		F589F96B18DA579800DAEA89 /* ProgressTests-Info.plist */ = {isa = PBXFileReference; lastKnownFileType = text.plist.xml; path = "ProgressTests-Info.plist"; sourceTree = "<group>"; };
		F589F96D18DA579800DAEA89 /* en */ = {isa = PBXFileReference; lastKnownFileType = text.plist.strings; name = en; path = en.lproj/InfoPlist.strings; sourceTree = "<group>"; };
		F589F96F18DA579800DAEA89 /* ProgressTests.m */ = {isa = PBXFileReference; lastKnownFileType = sourcecode.c.objc; path = ProgressTests.m; sourceTree = "<group>"; };
		F5BDA14C18E39603000C979C /* Workout_TableViewController.h */ = {isa = PBXFileReference; fileEncoding = 4; lastKnownFileType = sourcecode.c.h; name = Workout_TableViewController.h; path = ../Workout_TableViewController.h; sourceTree = "<group>"; };
		F5BDA14D18E39603000C979C /* Workout_TableViewController.m */ = {isa = PBXFileReference; fileEncoding = 4; lastKnownFileType = sourcecode.c.objc; name = Workout_TableViewController.m; path = ../Workout_TableViewController.m; sourceTree = "<group>"; };
		F5BDA14F18E39F10000C979C /* DetailedWorkoutViewController.h */ = {isa = PBXFileReference; fileEncoding = 4; lastKnownFileType = sourcecode.c.h; path = DetailedWorkoutViewController.h; sourceTree = "<group>"; };
		F5BDA15018E39F10000C979C /* DetailedWorkoutViewController.m */ = {isa = PBXFileReference; fileEncoding = 4; lastKnownFileType = sourcecode.c.objc; path = DetailedWorkoutViewController.m; sourceTree = "<group>"; };
		F5CB0DBF18FE25840003A968 /* Parse.framework */ = {isa = PBXFileReference; lastKnownFileType = wrapper.framework; path = Parse.framework; sourceTree = "<group>"; };
		F5CB0DC118FE25C40003A968 /* AudioToolbox.framework */ = {isa = PBXFileReference; lastKnownFileType = wrapper.framework; name = AudioToolbox.framework; path = System/Library/Frameworks/AudioToolbox.framework; sourceTree = SDKROOT; };
		F5CB0DC318FE25CB0003A968 /* CFNetwork.framework */ = {isa = PBXFileReference; lastKnownFileType = wrapper.framework; name = CFNetwork.framework; path = System/Library/Frameworks/CFNetwork.framework; sourceTree = SDKROOT; };
		F5CB0DC518FE25D90003A968 /* CoreLocation.framework */ = {isa = PBXFileReference; lastKnownFileType = wrapper.framework; name = CoreLocation.framework; path = System/Library/Frameworks/CoreLocation.framework; sourceTree = SDKROOT; };
		F5CB0DC718FE25E20003A968 /* libz.dylib */ = {isa = PBXFileReference; lastKnownFileType = "compiled.mach-o.dylib"; name = libz.dylib; path = usr/lib/libz.dylib; sourceTree = SDKROOT; };
		F5CB0DC918FE25E90003A968 /* MobileCoreServices.framework */ = {isa = PBXFileReference; lastKnownFileType = wrapper.framework; name = MobileCoreServices.framework; path = System/Library/Frameworks/MobileCoreServices.framework; sourceTree = SDKROOT; };
		F5CB0DCB18FE25F00003A968 /* QuartzCore.framework */ = {isa = PBXFileReference; lastKnownFileType = wrapper.framework; name = QuartzCore.framework; path = System/Library/Frameworks/QuartzCore.framework; sourceTree = SDKROOT; };
		F5CB0DCD18FE25F60003A968 /* Security.framework */ = {isa = PBXFileReference; lastKnownFileType = wrapper.framework; name = Security.framework; path = System/Library/Frameworks/Security.framework; sourceTree = SDKROOT; };
		F5CB0DCF18FE26000003A968 /* StoreKit.framework */ = {isa = PBXFileReference; lastKnownFileType = wrapper.framework; name = StoreKit.framework; path = System/Library/Frameworks/StoreKit.framework; sourceTree = SDKROOT; };
		F5CB0DD118FE26130003A968 /* SystemConfiguration.framework */ = {isa = PBXFileReference; lastKnownFileType = wrapper.framework; name = SystemConfiguration.framework; path = System/Library/Frameworks/SystemConfiguration.framework; sourceTree = SDKROOT; };
		F5CB0DD418FE38EB0003A968 /* AppIcon29x29.png */ = {isa = PBXFileReference; lastKnownFileType = image.png; path = AppIcon29x29.png; sourceTree = "<group>"; };
		F5CB0DD518FE38EB0003A968 /* AppIcon29x29@2x.png */ = {isa = PBXFileReference; lastKnownFileType = image.png; path = "AppIcon29x29@2x.png"; sourceTree = "<group>"; };
		F5CB0DD618FE38EB0003A968 /* AppIcon40x40.png */ = {isa = PBXFileReference; lastKnownFileType = image.png; path = AppIcon40x40.png; sourceTree = "<group>"; };
		F5CB0DD718FE38EB0003A968 /* AppIcon40x40@2x.png */ = {isa = PBXFileReference; lastKnownFileType = image.png; path = "AppIcon40x40@2x.png"; sourceTree = "<group>"; };
		F5CB0DD818FE38EB0003A968 /* AppIcon50x50.png */ = {isa = PBXFileReference; lastKnownFileType = image.png; path = AppIcon50x50.png; sourceTree = "<group>"; };
		F5CB0DD918FE38EB0003A968 /* AppIcon50x50@2x.png */ = {isa = PBXFileReference; lastKnownFileType = image.png; path = "AppIcon50x50@2x.png"; sourceTree = "<group>"; };
		F5CB0DDA18FE38EB0003A968 /* AppIcon57x57.png */ = {isa = PBXFileReference; lastKnownFileType = image.png; path = AppIcon57x57.png; sourceTree = "<group>"; };
		F5CB0DDB18FE38EB0003A968 /* AppIcon57x57@2x.png */ = {isa = PBXFileReference; lastKnownFileType = image.png; path = "AppIcon57x57@2x.png"; sourceTree = "<group>"; };
		F5CB0DDC18FE38EB0003A968 /* AppIcon60x60.png */ = {isa = PBXFileReference; lastKnownFileType = image.png; path = AppIcon60x60.png; sourceTree = "<group>"; };
		F5CB0DDD18FE38EB0003A968 /* AppIcon60x60@2x.png */ = {isa = PBXFileReference; lastKnownFileType = image.png; path = "AppIcon60x60@2x.png"; sourceTree = "<group>"; };
		F5CB0DDE18FE38EB0003A968 /* AppIcon72x72.png */ = {isa = PBXFileReference; lastKnownFileType = image.png; path = AppIcon72x72.png; sourceTree = "<group>"; };
		F5CB0DDF18FE38EB0003A968 /* AppIcon72x72@2x.png */ = {isa = PBXFileReference; lastKnownFileType = image.png; path = "AppIcon72x72@2x.png"; sourceTree = "<group>"; };
		F5CB0DE018FE38EB0003A968 /* AppIcon76x76.png */ = {isa = PBXFileReference; lastKnownFileType = image.png; path = AppIcon76x76.png; sourceTree = "<group>"; };
		F5CB0DE118FE38EB0003A968 /* AppIcon76x76@2x.png */ = {isa = PBXFileReference; lastKnownFileType = image.png; path = "AppIcon76x76@2x.png"; sourceTree = "<group>"; };
		F5CB0DE218FE38EB0003A968 /* iTunesArtwork.png */ = {isa = PBXFileReference; lastKnownFileType = image.png; path = iTunesArtwork.png; sourceTree = "<group>"; };
		F5CB0DE318FE38EB0003A968 /* iTunesArtwork@2x.png */ = {isa = PBXFileReference; lastKnownFileType = image.png; path = "iTunesArtwork@2x.png"; sourceTree = "<group>"; };
		F5CB0DF518FE3C9C0003A968 /* LaunchImage-ipad2x.png */ = {isa = PBXFileReference; lastKnownFileType = image.png; path = "LaunchImage-ipad2x.png"; sourceTree = "<group>"; };
		F5CB0DF718FE3CA10003A968 /* LaunchImage-ipad1x.png */ = {isa = PBXFileReference; lastKnownFileType = image.png; path = "LaunchImage-ipad1x.png"; sourceTree = "<group>"; };
		F5CB0DF918FE3D1B0003A968 /* Background-ipad2x.png */ = {isa = PBXFileReference; lastKnownFileType = image.png; path = "Background-ipad2x.png"; sourceTree = "<group>"; };
		F5CB0DFB18FE44410003A968 /* Math_functions.h */ = {isa = PBXFileReference; fileEncoding = 4; lastKnownFileType = sourcecode.c.h; path = Math_functions.h; sourceTree = "<group>"; };
		F5CB0DFC18FE44410003A968 /* Math_functions.m */ = {isa = PBXFileReference; fileEncoding = 4; lastKnownFileType = sourcecode.c.objc; path = Math_functions.m; sourceTree = "<group>"; };
/* End PBXFileReference section */

/* Begin PBXFrameworksBuildPhase section */
		F589F93B18DA579700DAEA89 /* Frameworks */ = {
			isa = PBXFrameworksBuildPhase;
			buildActionMask = 2147483647;
			files = (
				F5CB0DD218FE26130003A968 /* SystemConfiguration.framework in Frameworks */,
				F5CB0DD018FE26000003A968 /* StoreKit.framework in Frameworks */,
				F5CB0DCE18FE25F60003A968 /* Security.framework in Frameworks */,
				F5CB0DCC18FE25F00003A968 /* QuartzCore.framework in Frameworks */,
				F5CB0DCA18FE25E90003A968 /* MobileCoreServices.framework in Frameworks */,
				F5CB0DC818FE25E20003A968 /* libz.dylib in Frameworks */,
				F5CB0DC618FE25D90003A968 /* CoreLocation.framework in Frameworks */,
				F589F94418DA579700DAEA89 /* CoreGraphics.framework in Frameworks */,
				F5CB0DC418FE25CB0003A968 /* CFNetwork.framework in Frameworks */,
				F5CB0DC218FE25C40003A968 /* AudioToolbox.framework in Frameworks */,
				F589F94618DA579700DAEA89 /* UIKit.framework in Frameworks */,
				F5CB0DC018FE25840003A968 /* Parse.framework in Frameworks */,
				F589F94218DA579700DAEA89 /* Foundation.framework in Frameworks */,
			);
			runOnlyForDeploymentPostprocessing = 0;
		};
		F589F95F18DA579800DAEA89 /* Frameworks */ = {
			isa = PBXFrameworksBuildPhase;
			buildActionMask = 2147483647;
			files = (
				F589F96418DA579800DAEA89 /* XCTest.framework in Frameworks */,
				F589F96618DA579800DAEA89 /* UIKit.framework in Frameworks */,
				F589F96518DA579800DAEA89 /* Foundation.framework in Frameworks */,
			);
			runOnlyForDeploymentPostprocessing = 0;
		};
/* End PBXFrameworksBuildPhase section */

/* Begin PBXGroup section */
		F56547E718ED558100F2D07B /* UI Classes */ = {
			isa = PBXGroup;
			children = (
				F56547E418ED537B00F2D07B /* PhotoViewController.h */,
				F56547E518ED537B00F2D07B /* PhotoViewController.m */,
				F5BDA14F18E39F10000C979C /* DetailedWorkoutViewController.h */,
				F5BDA15018E39F10000C979C /* DetailedWorkoutViewController.m */,
				F5BDA14C18E39603000C979C /* Workout_TableViewController.h */,
				F5BDA14D18E39603000C979C /* Workout_TableViewController.m */,
			);
			name = "UI Classes";
			sourceTree = "<group>";
		};
		F56547E818ED55A200F2D07B /* Logic Classes */ = {
			isa = PBXGroup;
			children = (
				F56547E918ED55D200F2D07B /* Exercise.h */,
				F56547EA18ED55D200F2D07B /* Exercise.m */,
				F56547EC18ED55E000F2D07B /* Workout.h */,
				F56547ED18ED55E000F2D07B /* Workout.m */,
				F5CB0DFB18FE44410003A968 /* Math_functions.h */,
				F5CB0DFC18FE44410003A968 /* Math_functions.m */,
			);
			name = "Logic Classes";
			sourceTree = "<group>";
		};
		F589F93518DA579700DAEA89 = {
			isa = PBXGroup;
			children = (
				F5CB0DBF18FE25840003A968 /* Parse.framework */,
				F589F94718DA579700DAEA89 /* Progress */,
				F589F96918DA579800DAEA89 /* ProgressTests */,
				F589F94018DA579700DAEA89 /* Frameworks */,
				F589F93F18DA579700DAEA89 /* Products */,
			);
			sourceTree = "<group>";
		};
		F589F93F18DA579700DAEA89 /* Products */ = {
			isa = PBXGroup;
			children = (
				F589F93E18DA579700DAEA89 /* Progress.app */,
				F589F96218DA579800DAEA89 /* ProgressTests.xctest */,
			);
			name = Products;
			sourceTree = "<group>";
		};
		F589F94018DA579700DAEA89 /* Frameworks */ = {
			isa = PBXGroup;
			children = (
				F5CB0DD118FE26130003A968 /* SystemConfiguration.framework */,
				F5CB0DCF18FE26000003A968 /* StoreKit.framework */,
				F5CB0DCD18FE25F60003A968 /* Security.framework */,
				F5CB0DCB18FE25F00003A968 /* QuartzCore.framework */,
				F5CB0DC918FE25E90003A968 /* MobileCoreServices.framework */,
				F5CB0DC718FE25E20003A968 /* libz.dylib */,
				F5CB0DC518FE25D90003A968 /* CoreLocation.framework */,
				F5CB0DC318FE25CB0003A968 /* CFNetwork.framework */,
				F5CB0DC118FE25C40003A968 /* AudioToolbox.framework */,
				F589F94118DA579700DAEA89 /* Foundation.framework */,
				F589F94318DA579700DAEA89 /* CoreGraphics.framework */,
				F589F94518DA579700DAEA89 /* UIKit.framework */,
				F589F96318DA579800DAEA89 /* XCTest.framework */,
			);
			name = Frameworks;
			sourceTree = "<group>";
		};
		F589F94718DA579700DAEA89 /* Progress */ = {
			isa = PBXGroup;
			children = (
				F5CB0DF418FE3C870003A968 /* Launch Icon */,
				F5CB0DD318FE38EB0003A968 /* App Icon [Rounded] */,
				F56547E818ED55A200F2D07B /* Logic Classes */,
				F56547E718ED558100F2D07B /* UI Classes */,
				F589F97918DA581800DAEA89 /* iPad */,
				F589F95018DA579700DAEA89 /* AppDelegate.h */,
				F589F95118DA579700DAEA89 /* AppDelegate.m */,
				F589F95318DA579700DAEA89 /* Main.storyboard */,
				F589F95C18DA579700DAEA89 /* Images.xcassets */,
				F589F94818DA579700DAEA89 /* Supporting Files */,
			);
			path = Progress;
			sourceTree = "<group>";
		};
		F589F94818DA579700DAEA89 /* Supporting Files */ = {
			isa = PBXGroup;
			children = (
				F589F94918DA579700DAEA89 /* Progress-Info.plist */,
				F589F94A18DA579700DAEA89 /* InfoPlist.strings */,
				F589F94D18DA579700DAEA89 /* main.m */,
				F589F94F18DA579700DAEA89 /* Progress-Prefix.pch */,
			);
			name = "Supporting Files";
			sourceTree = "<group>";
		};
		F589F96918DA579800DAEA89 /* ProgressTests */ = {
			isa = PBXGroup;
			children = (
				F589F96F18DA579800DAEA89 /* ProgressTests.m */,
				F589F96A18DA579800DAEA89 /* Supporting Files */,
			);
			path = ProgressTests;
			sourceTree = "<group>";
		};
		F589F96A18DA579800DAEA89 /* Supporting Files */ = {
			isa = PBXGroup;
			children = (
				F589F96B18DA579800DAEA89 /* ProgressTests-Info.plist */,
				F589F96C18DA579800DAEA89 /* InfoPlist.strings */,
			);
			name = "Supporting Files";
			sourceTree = "<group>";
		};
		F589F97918DA581800DAEA89 /* iPad */ = {
			isa = PBXGroup;
			children = (
			);
			name = iPad;
			sourceTree = "<group>";
		};
		F5CB0DD318FE38EB0003A968 /* App Icon [Rounded] */ = {
			isa = PBXGroup;
			children = (
				F5CB0DD418FE38EB0003A968 /* AppIcon29x29.png */,
				F5CB0DD518FE38EB0003A968 /* AppIcon29x29@2x.png */,
				F5CB0DD618FE38EB0003A968 /* AppIcon40x40.png */,
				F5CB0DD718FE38EB0003A968 /* AppIcon40x40@2x.png */,
				F5CB0DD818FE38EB0003A968 /* AppIcon50x50.png */,
				F5CB0DD918FE38EB0003A968 /* AppIcon50x50@2x.png */,
				F5CB0DDA18FE38EB0003A968 /* AppIcon57x57.png */,
				F5CB0DDB18FE38EB0003A968 /* AppIcon57x57@2x.png */,
				F5CB0DDC18FE38EB0003A968 /* AppIcon60x60.png */,
				F5CB0DDD18FE38EB0003A968 /* AppIcon60x60@2x.png */,
				F5CB0DDE18FE38EB0003A968 /* AppIcon72x72.png */,
				F5CB0DDF18FE38EB0003A968 /* AppIcon72x72@2x.png */,
				F5CB0DE018FE38EB0003A968 /* AppIcon76x76.png */,
				F5CB0DE118FE38EB0003A968 /* AppIcon76x76@2x.png */,
				F5CB0DE218FE38EB0003A968 /* iTunesArtwork.png */,
				F5CB0DE318FE38EB0003A968 /* iTunesArtwork@2x.png */,
			);
			path = "App Icon [Rounded]";
			sourceTree = "<group>";
		};
		F5CB0DF418FE3C870003A968 /* Launch Icon */ = {
			isa = PBXGroup;
			children = (
				F5CB0DF918FE3D1B0003A968 /* Background-ipad2x.png */,
				F5CB0DF718FE3CA10003A968 /* LaunchImage-ipad1x.png */,
				F5CB0DF518FE3C9C0003A968 /* LaunchImage-ipad2x.png */,
			);
			name = "Launch Icon";
			sourceTree = "<group>";
		};
/* End PBXGroup section */

/* Begin PBXNativeTarget section */
		F589F93D18DA579700DAEA89 /* Progress */ = {
			isa = PBXNativeTarget;
			buildConfigurationList = F589F97318DA579800DAEA89 /* Build configuration list for PBXNativeTarget "Progress" */;
			buildPhases = (
				F589F93A18DA579700DAEA89 /* Sources */,
				F589F93B18DA579700DAEA89 /* Frameworks */,
				F589F93C18DA579700DAEA89 /* Resources */,
			);
			buildRules = (
			);
			dependencies = (
			);
			name = Progress;
			productName = Progress;
			productReference = F589F93E18DA579700DAEA89 /* Progress.app */;
			productType = "com.apple.product-type.application";
		};
		F589F96118DA579800DAEA89 /* ProgressTests */ = {
			isa = PBXNativeTarget;
			buildConfigurationList = F589F97618DA579800DAEA89 /* Build configuration list for PBXNativeTarget "ProgressTests" */;
			buildPhases = (
				F589F95E18DA579800DAEA89 /* Sources */,
				F589F95F18DA579800DAEA89 /* Frameworks */,
				F589F96018DA579800DAEA89 /* Resources */,
			);
			buildRules = (
			);
			dependencies = (
				F589F96818DA579800DAEA89 /* PBXTargetDependency */,
			);
			name = ProgressTests;
			productName = ProgressTests;
			productReference = F589F96218DA579800DAEA89 /* ProgressTests.xctest */;
			productType = "com.apple.product-type.bundle.unit-test";
		};
/* End PBXNativeTarget section */

/* Begin PBXProject section */
		F589F93618DA579700DAEA89 /* Project object */ = {
			isa = PBXProject;
			attributes = {
				LastUpgradeCheck = 0510;
				ORGANIZATIONNAME = FHICT;
				TargetAttributes = {
					F589F93D18DA579700DAEA89 = {
						DevelopmentTeam = CU3Z5M9BXQ;
					};
					F589F96118DA579800DAEA89 = {
						TestTargetID = F589F93D18DA579700DAEA89;
					};
				};
			};
			buildConfigurationList = F589F93918DA579700DAEA89 /* Build configuration list for PBXProject "Progress" */;
			compatibilityVersion = "Xcode 3.2";
			developmentRegion = English;
			hasScannedForEncodings = 0;
			knownRegions = (
				en,
				Base,
			);
			mainGroup = F589F93518DA579700DAEA89;
			productRefGroup = F589F93F18DA579700DAEA89 /* Products */;
			projectDirPath = "";
			projectRoot = "";
			targets = (
				F589F93D18DA579700DAEA89 /* Progress */,
				F589F96118DA579800DAEA89 /* ProgressTests */,
			);
		};
/* End PBXProject section */

/* Begin PBXResourcesBuildPhase section */
		F589F93C18DA579700DAEA89 /* Resources */ = {
			isa = PBXResourcesBuildPhase;
			buildActionMask = 2147483647;
			files = (
				F589F95D18DA579700DAEA89 /* Images.xcassets in Resources */,
				F5CB0DEC18FE38EB0003A968 /* AppIcon60x60.png in Resources */,
				F5CB0DE618FE38EB0003A968 /* AppIcon40x40.png in Resources */,
				F5CB0DE718FE38EB0003A968 /* AppIcon40x40@2x.png in Resources */,
				F5CB0DE518FE38EB0003A968 /* AppIcon29x29@2x.png in Resources */,
				F589F94C18DA579700DAEA89 /* InfoPlist.strings in Resources */,
				F5CB0DF218FE38EB0003A968 /* iTunesArtwork.png in Resources */,
				F5CB0DF818FE3CA10003A968 /* LaunchImage-ipad1x.png in Resources */,
				F5CB0DE918FE38EB0003A968 /* AppIcon50x50@2x.png in Resources */,
				F589F95518DA579700DAEA89 /* Main.storyboard in Resources */,
				F5CB0DEA18FE38EB0003A968 /* AppIcon57x57.png in Resources */,
				F5CB0DE418FE38EB0003A968 /* AppIcon29x29.png in Resources */,
				F5CB0DED18FE38EB0003A968 /* AppIcon60x60@2x.png in Resources */,
				F5CB0DF618FE3C9C0003A968 /* LaunchImage-ipad2x.png in Resources */,
				F5CB0DEB18FE38EB0003A968 /* AppIcon57x57@2x.png in Resources */,
				F5CB0DFA18FE3D1B0003A968 /* Background-ipad2x.png in Resources */,
				F5CB0DF318FE38EB0003A968 /* iTunesArtwork@2x.png in Resources */,
				F5CB0DE818FE38EB0003A968 /* AppIcon50x50.png in Resources */,
				F5CB0DEE18FE38EB0003A968 /* AppIcon72x72.png in Resources */,
				F5CB0DEF18FE38EB0003A968 /* AppIcon72x72@2x.png in Resources */,
				F5CB0DF118FE38EB0003A968 /* AppIcon76x76@2x.png in Resources */,
				F5CB0DF018FE38EB0003A968 /* AppIcon76x76.png in Resources */,
			);
			runOnlyForDeploymentPostprocessing = 0;
		};
		F589F96018DA579800DAEA89 /* Resources */ = {
			isa = PBXResourcesBuildPhase;
			buildActionMask = 2147483647;
			files = (
				F589F96E18DA579800DAEA89 /* InfoPlist.strings in Resources */,
			);
			runOnlyForDeploymentPostprocessing = 0;
		};
/* End PBXResourcesBuildPhase section */

/* Begin PBXSourcesBuildPhase section */
		F589F93A18DA579700DAEA89 /* Sources */ = {
			isa = PBXSourcesBuildPhase;
			buildActionMask = 2147483647;
			files = (
				F5BDA15118E39F10000C979C /* DetailedWorkoutViewController.m in Sources */,
				F56547EB18ED55D200F2D07B /* Exercise.m in Sources */,
				F56547EE18ED55E000F2D07B /* Workout.m in Sources */,
				F589F95218DA579700DAEA89 /* AppDelegate.m in Sources */,
				F5BDA14E18E39603000C979C /* Workout_TableViewController.m in Sources */,
				F5CB0DFD18FE44410003A968 /* Math_functions.m in Sources */,
				F589F94E18DA579700DAEA89 /* main.m in Sources */,
				F56547E618ED537B00F2D07B /* PhotoViewController.m in Sources */,
			);
			runOnlyForDeploymentPostprocessing = 0;
		};
		F589F95E18DA579800DAEA89 /* Sources */ = {
			isa = PBXSourcesBuildPhase;
			buildActionMask = 2147483647;
			files = (
				F589F97018DA579800DAEA89 /* ProgressTests.m in Sources */,
			);
			runOnlyForDeploymentPostprocessing = 0;
		};
/* End PBXSourcesBuildPhase section */

/* Begin PBXTargetDependency section */
		F589F96818DA579800DAEA89 /* PBXTargetDependency */ = {
			isa = PBXTargetDependency;
			target = F589F93D18DA579700DAEA89 /* Progress */;
			targetProxy = F589F96718DA579800DAEA89 /* PBXContainerItemProxy */;
		};
/* End PBXTargetDependency section */

/* Begin PBXVariantGroup section */
		F589F94A18DA579700DAEA89 /* InfoPlist.strings */ = {
			isa = PBXVariantGroup;
			children = (
				F589F94B18DA579700DAEA89 /* en */,
			);
			name = InfoPlist.strings;
			sourceTree = "<group>";
		};
		F589F95318DA579700DAEA89 /* Main.storyboard */ = {
			isa = PBXVariantGroup;
			children = (
				F589F95418DA579700DAEA89 /* Base */,
			);
			name = Main.storyboard;
			sourceTree = "<group>";
		};
		F589F96C18DA579800DAEA89 /* InfoPlist.strings */ = {
			isa = PBXVariantGroup;
			children = (
				F589F96D18DA579800DAEA89 /* en */,
			);
			name = InfoPlist.strings;
			sourceTree = "<group>";
		};
/* End PBXVariantGroup section */

/* Begin XCBuildConfiguration section */
		F589F97118DA579800DAEA89 /* Debug */ = {
			isa = XCBuildConfiguration;
			buildSettings = {
				ALWAYS_SEARCH_USER_PATHS = NO;
				CLANG_CXX_LANGUAGE_STANDARD = "gnu++0x";
				CLANG_CXX_LIBRARY = "libc++";
				CLANG_ENABLE_MODULES = YES;
				CLANG_ENABLE_OBJC_ARC = YES;
				CLANG_WARN_BOOL_CONVERSION = YES;
				CLANG_WARN_CONSTANT_CONVERSION = YES;
				CLANG_WARN_DIRECT_OBJC_ISA_USAGE = YES_ERROR;
				CLANG_WARN_EMPTY_BODY = YES;
				CLANG_WARN_ENUM_CONVERSION = YES;
				CLANG_WARN_INT_CONVERSION = YES;
				CLANG_WARN_OBJC_ROOT_CLASS = YES_ERROR;
				CLANG_WARN__DUPLICATE_METHOD_MATCH = YES;
				"CODE_SIGN_IDENTITY[sdk=iphoneos*]" = "iPhone Developer";
				COPY_PHASE_STRIP = NO;
				GCC_C_LANGUAGE_STANDARD = gnu99;
				GCC_DYNAMIC_NO_PIC = NO;
				GCC_OPTIMIZATION_LEVEL = 0;
				GCC_PREPROCESSOR_DEFINITIONS = (
					"DEBUG=1",
					"$(inherited)",
				);
				GCC_SYMBOLS_PRIVATE_EXTERN = NO;
				GCC_WARN_64_TO_32_BIT_CONVERSION = YES;
				GCC_WARN_ABOUT_RETURN_TYPE = YES_ERROR;
				GCC_WARN_UNDECLARED_SELECTOR = YES;
				GCC_WARN_UNINITIALIZED_AUTOS = YES_AGGRESSIVE;
				GCC_WARN_UNUSED_FUNCTION = YES;
				GCC_WARN_UNUSED_VARIABLE = YES;
				IPHONEOS_DEPLOYMENT_TARGET = 7.1;
				ONLY_ACTIVE_ARCH = YES;
				SDKROOT = iphoneos;
			};
			name = Debug;
		};
		F589F97218DA579800DAEA89 /* Release */ = {
			isa = XCBuildConfiguration;
			buildSettings = {
				ALWAYS_SEARCH_USER_PATHS = NO;
				CLANG_CXX_LANGUAGE_STANDARD = "gnu++0x";
				CLANG_CXX_LIBRARY = "libc++";
				CLANG_ENABLE_MODULES = YES;
				CLANG_ENABLE_OBJC_ARC = YES;
				CLANG_WARN_BOOL_CONVERSION = YES;
				CLANG_WARN_CONSTANT_CONVERSION = YES;
				CLANG_WARN_DIRECT_OBJC_ISA_USAGE = YES_ERROR;
				CLANG_WARN_EMPTY_BODY = YES;
				CLANG_WARN_ENUM_CONVERSION = YES;
				CLANG_WARN_INT_CONVERSION = YES;
				CLANG_WARN_OBJC_ROOT_CLASS = YES_ERROR;
				CLANG_WARN__DUPLICATE_METHOD_MATCH = YES;
				"CODE_SIGN_IDENTITY[sdk=iphoneos*]" = "iPhone Developer";
				COPY_PHASE_STRIP = YES;
				ENABLE_NS_ASSERTIONS = NO;
				GCC_C_LANGUAGE_STANDARD = gnu99;
				GCC_WARN_64_TO_32_BIT_CONVERSION = YES;
				GCC_WARN_ABOUT_RETURN_TYPE = YES_ERROR;
				GCC_WARN_UNDECLARED_SELECTOR = YES;
				GCC_WARN_UNINITIALIZED_AUTOS = YES_AGGRESSIVE;
				GCC_WARN_UNUSED_FUNCTION = YES;
				GCC_WARN_UNUSED_VARIABLE = YES;
				IPHONEOS_DEPLOYMENT_TARGET = 7.1;
				SDKROOT = iphoneos;
				VALIDATE_PRODUCT = YES;
			};
			name = Release;
		};
		F589F97418DA579800DAEA89 /* Debug */ = {
			isa = XCBuildConfiguration;
			buildSettings = {
				ASSETCATALOG_COMPILER_APPICON_NAME = AppIcon;
				ASSETCATALOG_COMPILER_LAUNCHIMAGE_NAME = LaunchImage;
				CODE_SIGN_IDENTITY = "iPhone Developer";
				"CODE_SIGN_IDENTITY[sdk=iphoneos*]" = "iPhone Developer";
				FRAMEWORK_SEARCH_PATHS = (
					"$(inherited)",
					"$(PROJECT_DIR)",
				);
				GCC_PRECOMPILE_PREFIX_HEADER = YES;
				GCC_PREFIX_HEADER = "Progress/Progress-Prefix.pch";
				INFOPLIST_FILE = "Progress/Progress-Info.plist";
				IPHONEOS_DEPLOYMENT_TARGET = 7.1;
				PRODUCT_NAME = "$(TARGET_NAME)";
				PROVISIONING_PROFILE = "";
				TARGETED_DEVICE_FAMILY = "1,2";
				WRAPPER_EXTENSION = app;
			};
			name = Debug;
		};
		F589F97518DA579800DAEA89 /* Release */ = {
			isa = XCBuildConfiguration;
			buildSettings = {
				ASSETCATALOG_COMPILER_APPICON_NAME = AppIcon;
				ASSETCATALOG_COMPILER_LAUNCHIMAGE_NAME = LaunchImage;
				CODE_SIGN_IDENTITY = "iPhone Developer";
				"CODE_SIGN_IDENTITY[sdk=iphoneos*]" = "iPhone Developer";
				FRAMEWORK_SEARCH_PATHS = (
					"$(inherited)",
					"$(PROJECT_DIR)",
				);
				GCC_PRECOMPILE_PREFIX_HEADER = YES;
				GCC_PREFIX_HEADER = "Progress/Progress-Prefix.pch";
				INFOPLIST_FILE = "Progress/Progress-Info.plist";
				IPHONEOS_DEPLOYMENT_TARGET = 7.1;
				PRODUCT_NAME = "$(TARGET_NAME)";
				PROVISIONING_PROFILE = "";
				TARGETED_DEVICE_FAMILY = "1,2";
				WRAPPER_EXTENSION = app;
			};
			name = Release;
		};
		F589F97718DA579800DAEA89 /* Debug */ = {
			isa = XCBuildConfiguration;
			buildSettings = {
				BUNDLE_LOADER = "$(BUILT_PRODUCTS_DIR)/Progress.app/Progress";
				FRAMEWORK_SEARCH_PATHS = (
					"$(SDKROOT)/Developer/Library/Frameworks",
					"$(inherited)",
					"$(DEVELOPER_FRAMEWORKS_DIR)",
				);
				GCC_PRECOMPILE_PREFIX_HEADER = YES;
				GCC_PREFIX_HEADER = "Progress/Progress-Prefix.pch";
				GCC_PREPROCESSOR_DEFINITIONS = (
					"DEBUG=1",
					"$(inherited)",
				);
				INFOPLIST_FILE = "ProgressTests/ProgressTests-Info.plist";
				PRODUCT_NAME = "$(TARGET_NAME)";
				TEST_HOST = "$(BUNDLE_LOADER)";
				WRAPPER_EXTENSION = xctest;
			};
			name = Debug;
		};
		F589F97818DA579800DAEA89 /* Release */ = {
			isa = XCBuildConfiguration;
			buildSettings = {
				BUNDLE_LOADER = "$(BUILT_PRODUCTS_DIR)/Progress.app/Progress";
				FRAMEWORK_SEARCH_PATHS = (
					"$(SDKROOT)/Developer/Library/Frameworks",
					"$(inherited)",
					"$(DEVELOPER_FRAMEWORKS_DIR)",
				);
				GCC_PRECOMPILE_PREFIX_HEADER = YES;
				GCC_PREFIX_HEADER = "Progress/Progress-Prefix.pch";
				INFOPLIST_FILE = "ProgressTests/ProgressTests-Info.plist";
				PRODUCT_NAME = "$(TARGET_NAME)";
				TEST_HOST = "$(BUNDLE_LOADER)";
				WRAPPER_EXTENSION = xctest;
			};
			name = Release;
		};
/* End XCBuildConfiguration section */

/* Begin XCConfigurationList section */
		F589F93918DA579700DAEA89 /* Build configuration list for PBXProject "Progress" */ = {
			isa = XCConfigurationList;
			buildConfigurations = (
				F589F97118DA579800DAEA89 /* Debug */,
				F589F97218DA579800DAEA89 /* Release */,
			);
			defaultConfigurationIsVisible = 0;
			defaultConfigurationName = Release;
		};
		F589F97318DA579800DAEA89 /* Build configuration list for PBXNativeTarget "Progress" */ = {
			isa = XCConfigurationList;
			buildConfigurations = (
				F589F97418DA579800DAEA89 /* Debug */,
				F589F97518DA579800DAEA89 /* Release */,
			);
			defaultConfigurationIsVisible = 0;
			defaultConfigurationName = Release;
		};
		F589F97618DA579800DAEA89 /* Build configuration list for PBXNativeTarget "ProgressTests" */ = {
			isa = XCConfigurationList;
			buildConfigurations = (
				F589F97718DA579800DAEA89 /* Debug */,
				F589F97818DA579800DAEA89 /* Release */,
			);
			defaultConfigurationIsVisible = 0;
			defaultConfigurationName = Release;
		};
/* End XCConfigurationList section */
	};
	rootObject = F589F93618DA579700DAEA89 /* Project object */;
}
